
Microsoft Visual Studio Solution File, Format Version 12.00
# Visual Studio Version 17
VisualStudioVersion = 17.8.34330.188
MinimumVisualStudioVersion = 10.0.40219.1
Project("{9A19103F-16F7-4668-BE54-9A1E7A4F7556}") = "GestorGastos", "GestorGastos\GestorGastos.csproj", "{E72E9044-6AA1-4889-A3B4-B9A1898C207D}"
EndProject
Project("{9A19103F-16F7-4668-BE54-9A1E7A4F7556}") = "Entidades", "Entidades\Entidades.csproj", "{B7BB162D-93C0-4AC9-A716-B5951DA87DA7}"
EndProject
Project("{9A19103F-16F7-4668-BE54-9A1E7A4F7556}") = "TestConsole", "TestConsole\TestConsole.csproj", "{9C844ACD-19A6-4F26-BB9D-52EB29987B44}"
EndProject
Project("{FAE04EC0-301F-11D3-BF4B-00C04F79EFBC}") = "TestProject2", "TestProject2\TestProject2.csproj", "{26477732-AF8D-4671-8620-17DBE772BCD9}"
EndProject
Global
	GlobalSection(SolutionConfigurationPlatforms) = preSolution
		Debug|Any CPU = Debug|Any CPU
		Release|Any CPU = Release|Any CPU
	EndGlobalSection
	GlobalSection(ProjectConfigurationPlatforms) = postSolution
		{E72E9044-6AA1-4889-A3B4-B9A1898C207D}.Debug|Any CPU.ActiveCfg = Debug|Any CPU
		{E72E9044-6AA1-4889-A3B4-B9A1898C207D}.Debug|Any CPU.Build.0 = Debug|Any CPU
		{E72E9044-6AA1-4889-A3B4-B9A1898C207D}.Release|Any CPU.ActiveCfg = Release|Any CPU
		{E72E9044-6AA1-4889-A3B4-B9A1898C207D}.Release|Any CPU.Build.0 = Release|Any CPU
		{B7BB162D-93C0-4AC9-A716-B5951DA87DA7}.Debug|Any CPU.ActiveCfg = Debug|Any CPU
		{B7BB162D-93C0-4AC9-A716-B5951DA87DA7}.Debug|Any CPU.Build.0 = Debug|Any CPU
		{B7BB162D-93C0-4AC9-A716-B5951DA87DA7}.Release|Any CPU.ActiveCfg = Release|Any CPU
		{B7BB162D-93C0-4AC9-A716-B5951DA87DA7}.Release|Any CPU.Build.0 = Release|Any CPU
		{9C844ACD-19A6-4F26-BB9D-52EB29987B44}.Debug|Any CPU.ActiveCfg = Debug|Any CPU
		{9C844ACD-19A6-4F26-BB9D-52EB29987B44}.Debug|Any CPU.Build.0 = Debug|Any CPU
		{9C844ACD-19A6-4F26-BB9D-52EB29987B44}.Release|Any CPU.ActiveCfg = Release|Any CPU
		{9C844ACD-19A6-4F26-BB9D-52EB29987B44}.Release|Any CPU.Build.0 = Release|Any CPU
		{26477732-AF8D-4671-8620-17DBE772BCD9}.Debug|Any CPU.ActiveCfg = Debug|Any CPU
		{26477732-AF8D-4671-8620-17DBE772BCD9}.Debug|Any CPU.Build.0 = Debug|Any CPU
		{26477732-AF8D-4671-8620-17DBE772BCD9}.Release|Any CPU.ActiveCfg = Release|Any CPU
		{26477732-AF8D-4671-8620-17DBE772BCD9}.Release|Any CPU.Build.0 = Release|Any CPU
	EndGlobalSection
	GlobalSection(SolutionProperties) = preSolution
		HideSolutionNode = FALSE
	EndGlobalSection
	GlobalSection(ExtensibilityGlobals) = postSolution
		SolutionGuid = {7B685A67-0697-42D1-BF09-B936AF48C270}
	EndGlobalSection
EndGlobal
